// !$*UTF8*$!
{
	archiveVersion = 1;
	classes = {
	};
	objectVersion = 56;
	objects = {

/* Begin PBXBuildFile section */
		5E15CE102AC0CA190054411D /* CircleImage.swift in Sources */ = {isa = PBXBuildFile; fileRef = 5E15CE0F2AC0CA190054411D /* CircleImage.swift */; };
		5E15CE122AC0CC900054411D /* MapView.swift in Sources */ = {isa = PBXBuildFile; fileRef = 5E15CE112AC0CC900054411D /* MapView.swift */; };
		5E4EC1CE2AC706A0001A7337 /* ContentView.swift in Sources */ = {isa = PBXBuildFile; fileRef = 5E4EC1CD2AC706A0001A7337 /* ContentView.swift */; };
		5E4EC1D02AC70DF8001A7337 /* FavoriteButton.swift in Sources */ = {isa = PBXBuildFile; fileRef = 5E4EC1CF2AC70DF8001A7337 /* FavoriteButton.swift */; };
		5E4EC1D62AC71AA7001A7337 /* HexagonParameters.swift in Sources */ = {isa = PBXBuildFile; fileRef = 5E4EC1D52AC71AA7001A7337 /* HexagonParameters.swift */; };
		5E4EC1D82AC71DFB001A7337 /* BadgeBackground.swift in Sources */ = {isa = PBXBuildFile; fileRef = 5E4EC1D72AC71DFB001A7337 /* BadgeBackground.swift */; };
		5E4EC1DA2AC722A0001A7337 /* BadgeSymbol.swift in Sources */ = {isa = PBXBuildFile; fileRef = 5E4EC1D92AC722A0001A7337 /* BadgeSymbol.swift */; };
		5E4EC1DC2AC7245F001A7337 /* RotatedBadgeSymbol.swift in Sources */ = {isa = PBXBuildFile; fileRef = 5E4EC1DB2AC7245F001A7337 /* RotatedBadgeSymbol.swift */; };
		5E4EC1DE2AC7282D001A7337 /* Badge.swift in Sources */ = {isa = PBXBuildFile; fileRef = 5E4EC1DD2AC7282D001A7337 /* Badge.swift */; };
		5E4F88D02AC48BBD00627354 /* landmarkData.json in Resources */ = {isa = PBXBuildFile; fileRef = 5E4F88CF2AC48BBD00627354 /* landmarkData.json */; };
		5E4F88D22AC4A65C00627354 /* Landmark.swift in Sources */ = {isa = PBXBuildFile; fileRef = 5E4F88D12AC4A65C00627354 /* Landmark.swift */; };
		5E4F88D42AC4A84600627354 /* ModelData.swift in Sources */ = {isa = PBXBuildFile; fileRef = 5E4F88D32AC4A84600627354 /* ModelData.swift */; };
		5E4F88D92AC4AB6600627354 /* LandmarkRow.swift in Sources */ = {isa = PBXBuildFile; fileRef = 5E4F88D82AC4AB6600627354 /* LandmarkRow.swift */; };
		5E5ACB062AC07B6C00DDA2D3 /* LandmarksApp.swift in Sources */ = {isa = PBXBuildFile; fileRef = 5E5ACB052AC07B6C00DDA2D3 /* LandmarksApp.swift */; };
		5E5ACB0A2AC07B6E00DDA2D3 /* Assets.xcassets in Resources */ = {isa = PBXBuildFile; fileRef = 5E5ACB092AC07B6E00DDA2D3 /* Assets.xcassets */; };
		5E5ACB0D2AC07B6F00DDA2D3 /* Preview Assets.xcassets in Resources */ = {isa = PBXBuildFile; fileRef = 5E5ACB0C2AC07B6F00DDA2D3 /* Preview Assets.xcassets */; };
		5EED1C8E2AC4B257006B091B /* LandmarkList.swift in Sources */ = {isa = PBXBuildFile; fileRef = 5EED1C8D2AC4B257006B091B /* LandmarkList.swift */; };
		5EED1C902AC4B406006B091B /* LandmarkDetail.swift in Sources */ = {isa = PBXBuildFile; fileRef = 5EED1C8F2AC4B406006B091B /* LandmarkDetail.swift */; };
/* End PBXBuildFile section */

/* Begin PBXFileReference section */
		5E15CE0F2AC0CA190054411D /* CircleImage.swift */ = {isa = PBXFileReference; lastKnownFileType = sourcecode.swift; path = CircleImage.swift; sourceTree = "<group>"; };
		5E15CE112AC0CC900054411D /* MapView.swift */ = {isa = PBXFileReference; lastKnownFileType = sourcecode.swift; path = MapView.swift; sourceTree = "<group>"; };
		5E4EC1CD2AC706A0001A7337 /* ContentView.swift */ = {isa = PBXFileReference; fileEncoding = 4; lastKnownFileType = sourcecode.swift; path = ContentView.swift; sourceTree = "<group>"; };
		5E4EC1CF2AC70DF8001A7337 /* FavoriteButton.swift */ = {isa = PBXFileReference; lastKnownFileType = sourcecode.swift; path = FavoriteButton.swift; sourceTree = "<group>"; };
		5E4EC1D52AC71AA7001A7337 /* HexagonParameters.swift */ = {isa = PBXFileReference; lastKnownFileType = sourcecode.swift; path = HexagonParameters.swift; sourceTree = "<group>"; };
		5E4EC1D72AC71DFB001A7337 /* BadgeBackground.swift */ = {isa = PBXFileReference; lastKnownFileType = sourcecode.swift; path = BadgeBackground.swift; sourceTree = "<group>"; };
		5E4EC1D92AC722A0001A7337 /* BadgeSymbol.swift */ = {isa = PBXFileReference; lastKnownFileType = sourcecode.swift; path = BadgeSymbol.swift; sourceTree = "<group>"; };
		5E4EC1DB2AC7245F001A7337 /* RotatedBadgeSymbol.swift */ = {isa = PBXFileReference; lastKnownFileType = sourcecode.swift; path = RotatedBadgeSymbol.swift; sourceTree = "<group>"; };
		5E4EC1DD2AC7282D001A7337 /* Badge.swift */ = {isa = PBXFileReference; lastKnownFileType = sourcecode.swift; path = Badge.swift; sourceTree = "<group>"; };
		5E4F88CF2AC48BBD00627354 /* landmarkData.json */ = {isa = PBXFileReference; fileEncoding = 4; lastKnownFileType = text.json; path = landmarkData.json; sourceTree = "<group>"; };
		5E4F88D12AC4A65C00627354 /* Landmark.swift */ = {isa = PBXFileReference; lastKnownFileType = sourcecode.swift; path = Landmark.swift; sourceTree = "<group>"; };
		5E4F88D32AC4A84600627354 /* ModelData.swift */ = {isa = PBXFileReference; lastKnownFileType = sourcecode.swift; path = ModelData.swift; sourceTree = "<group>"; };
		5E4F88D82AC4AB6600627354 /* LandmarkRow.swift */ = {isa = PBXFileReference; lastKnownFileType = sourcecode.swift; path = LandmarkRow.swift; sourceTree = "<group>"; };
		5E5ACB022AC07B6C00DDA2D3 /* Landmarks.app */ = {isa = PBXFileReference; explicitFileType = wrapper.application; includeInIndex = 0; path = Landmarks.app; sourceTree = BUILT_PRODUCTS_DIR; };
		5E5ACB052AC07B6C00DDA2D3 /* LandmarksApp.swift */ = {isa = PBXFileReference; lastKnownFileType = sourcecode.swift; path = LandmarksApp.swift; sourceTree = "<group>"; };
		5E5ACB092AC07B6E00DDA2D3 /* Assets.xcassets */ = {isa = PBXFileReference; lastKnownFileType = folder.assetcatalog; path = Assets.xcassets; sourceTree = "<group>"; };
		5E5ACB0C2AC07B6F00DDA2D3 /* Preview Assets.xcassets */ = {isa = PBXFileReference; lastKnownFileType = folder.assetcatalog; path = "Preview Assets.xcassets"; sourceTree = "<group>"; };
		5EED1C8D2AC4B257006B091B /* LandmarkList.swift */ = {isa = PBXFileReference; lastKnownFileType = sourcecode.swift; path = LandmarkList.swift; sourceTree = "<group>"; };
		5EED1C8F2AC4B406006B091B /* LandmarkDetail.swift */ = {isa = PBXFileReference; lastKnownFileType = sourcecode.swift; path = LandmarkDetail.swift; sourceTree = "<group>"; };
/* End PBXFileReference section */

/* Begin PBXFrameworksBuildPhase section */
		5E5ACAFF2AC07B6C00DDA2D3 /* Frameworks */ = {
			isa = PBXFrameworksBuildPhase;
			buildActionMask = 2147483647;
			files = (
			);
			runOnlyForDeploymentPostprocessing = 0;
		};
/* End PBXFrameworksBuildPhase section */

/* Begin PBXGroup section */
		5E4EC1D12AC70EEE001A7337 /* Helpers */ = {
			isa = PBXGroup;
			children = (
				5E15CE0F2AC0CA190054411D /* CircleImage.swift */,
				5E15CE112AC0CC900054411D /* MapView.swift */,
				5E4EC1CF2AC70DF8001A7337 /* FavoriteButton.swift */,
			);
			path = Helpers;
			sourceTree = "<group>";
		};
		5E4EC1D22AC70EFC001A7337 /* Landmarks */ = {
			isa = PBXGroup;
			children = (
				5E4F88D82AC4AB6600627354 /* LandmarkRow.swift */,
				5EED1C8D2AC4B257006B091B /* LandmarkList.swift */,
				5EED1C8F2AC4B406006B091B /* LandmarkDetail.swift */,
			);
			path = Landmarks;
			sourceTree = "<group>";
		};
		5E4EC1DF2AC72A1E001A7337 /* Badges */ = {
			isa = PBXGroup;
			children = (
				5E4EC1D52AC71AA7001A7337 /* HexagonParameters.swift */,
				5E4EC1D72AC71DFB001A7337 /* BadgeBackground.swift */,
				5E4EC1D92AC722A0001A7337 /* BadgeSymbol.swift */,
				5E4EC1DB2AC7245F001A7337 /* RotatedBadgeSymbol.swift */,
				5E4EC1DD2AC7282D001A7337 /* Badge.swift */,
			);
			path = Badges;
			sourceTree = "<group>";
		};
		5E4F88D52AC4AA0F00627354 /* Views */ = {
			isa = PBXGroup;
			children = (
				5E4EC1D12AC70EEE001A7337 /* Helpers */,
				5E4EC1CD2AC706A0001A7337 /* ContentView.swift */,
				5E4EC1D22AC70EFC001A7337 /* Landmarks */,
				5E4EC1DF2AC72A1E001A7337 /* Badges */,
			);
			path = Views;
			sourceTree = "<group>";
		};
		5E4F88D62AC4AA3300627354 /* Resources */ = {
			isa = PBXGroup;
			children = (
				5E4F88CF2AC48BBD00627354 /* landmarkData.json */,
			);
			path = Resources;
			sourceTree = "<group>";
		};
		5E4F88D72AC4AA5400627354 /* Model */ = {
			isa = PBXGroup;
			children = (
				5E4F88D12AC4A65C00627354 /* Landmark.swift */,
				5E4F88D32AC4A84600627354 /* ModelData.swift */,
			);
			path = Model;
			sourceTree = "<group>";
		};
		5E5ACAF92AC07B6C00DDA2D3 = {
			isa = PBXGroup;
			children = (
				5E5ACB042AC07B6C00DDA2D3 /* Landmarks */,
				5E5ACB032AC07B6C00DDA2D3 /* Products */,
			);
			sourceTree = "<group>";
		};
		5E5ACB032AC07B6C00DDA2D3 /* Products */ = {
			isa = PBXGroup;
			children = (
				5E5ACB022AC07B6C00DDA2D3 /* Landmarks.app */,
			);
			name = Products;
			sourceTree = "<group>";
		};
		5E5ACB042AC07B6C00DDA2D3 /* Landmarks */ = {
			isa = PBXGroup;
			children = (
				5E4F88D72AC4AA5400627354 /* Model */,
				5E4F88D62AC4AA3300627354 /* Resources */,
				5E5ACB052AC07B6C00DDA2D3 /* LandmarksApp.swift */,
				5E4F88D52AC4AA0F00627354 /* Views */,
				5E5ACB092AC07B6E00DDA2D3 /* Assets.xcassets */,
				5E5ACB0B2AC07B6F00DDA2D3 /* Preview Content */,
			);
			path = Landmarks;
			sourceTree = "<group>";
		};
		5E5ACB0B2AC07B6F00DDA2D3 /* Preview Content */ = {
			isa = PBXGroup;
			children = (
				5E5ACB0C2AC07B6F00DDA2D3 /* Preview Assets.xcassets */,
			);
			path = "Preview Content";
			sourceTree = "<group>";
		};
/* End PBXGroup section */

/* Begin PBXNativeTarget section */
		5E5ACB012AC07B6C00DDA2D3 /* Landmarks */ = {
			isa = PBXNativeTarget;
			buildConfigurationList = 5E5ACB102AC07B6F00DDA2D3 /* Build configuration list for PBXNativeTarget "Landmarks" */;
			buildPhases = (
				5E5ACAFE2AC07B6C00DDA2D3 /* Sources */,
				5E5ACAFF2AC07B6C00DDA2D3 /* Frameworks */,
				5E5ACB002AC07B6C00DDA2D3 /* Resources */,
			);
			buildRules = (
			);
			dependencies = (
			);
			name = Landmarks;
			productName = Landmarks;
			productReference = 5E5ACB022AC07B6C00DDA2D3 /* Landmarks.app */;
			productType = "com.apple.product-type.application";
		};
/* End PBXNativeTarget section */

/* Begin PBXProject section */
		5E5ACAFA2AC07B6C00DDA2D3 /* Project object */ = {
			isa = PBXProject;
			attributes = {
				BuildIndependentTargetsInParallel = 1;
				LastSwiftUpdateCheck = 1500;
				LastUpgradeCheck = 1500;
				TargetAttributes = {
					5E5ACB012AC07B6C00DDA2D3 = {
						CreatedOnToolsVersion = 15.0;
					};
				};
			};
			buildConfigurationList = 5E5ACAFD2AC07B6C00DDA2D3 /* Build configuration list for PBXProject "Landmarks" */;
			compatibilityVersion = "Xcode 14.0";
			developmentRegion = en;
			hasScannedForEncodings = 0;
			knownRegions = (
				en,
				Base,
			);
			mainGroup = 5E5ACAF92AC07B6C00DDA2D3;
			productRefGroup = 5E5ACB032AC07B6C00DDA2D3 /* Products */;
			projectDirPath = "";
			projectRoot = "";
			targets = (
				5E5ACB012AC07B6C00DDA2D3 /* Landmarks */,
			);
		};
/* End PBXProject section */

/* Begin PBXResourcesBuildPhase section */
		5E5ACB002AC07B6C00DDA2D3 /* Resources */ = {
			isa = PBXResourcesBuildPhase;
			buildActionMask = 2147483647;
			files = (
				5E4F88D02AC48BBD00627354 /* landmarkData.json in Resources */,
				5E5ACB0D2AC07B6F00DDA2D3 /* Preview Assets.xcassets in Resources */,
				5E5ACB0A2AC07B6E00DDA2D3 /* Assets.xcassets in Resources */,
			);
			runOnlyForDeploymentPostprocessing = 0;
		};
/* End PBXResourcesBuildPhase section */

/* Begin PBXSourcesBuildPhase section */
		5E5ACAFE2AC07B6C00DDA2D3 /* Sources */ = {
			isa = PBXSourcesBuildPhase;
			buildActionMask = 2147483647;
			files = (
				5E15CE122AC0CC900054411D /* MapView.swift in Sources */,
				5E4EC1DE2AC7282D001A7337 /* Badge.swift in Sources */,
				5E5ACB062AC07B6C00DDA2D3 /* LandmarksApp.swift in Sources */,
				5EED1C8E2AC4B257006B091B /* LandmarkList.swift in Sources */,
				5E4EC1D02AC70DF8001A7337 /* FavoriteButton.swift in Sources */,
				5E4EC1D62AC71AA7001A7337 /* HexagonParameters.swift in Sources */,
				5E4EC1DC2AC7245F001A7337 /* RotatedBadgeSymbol.swift in Sources */,
				5E4EC1DA2AC722A0001A7337 /* BadgeSymbol.swift in Sources */,
				5EED1C902AC4B406006B091B /* LandmarkDetail.swift in Sources */,
				5E15CE102AC0CA190054411D /* CircleImage.swift in Sources */,
				5E4EC1D82AC71DFB001A7337 /* BadgeBackground.swift in Sources */,
				5E4EC1CE2AC706A0001A7337 /* ContentView.swift in Sources */,
				5E4F88D92AC4AB6600627354 /* LandmarkRow.swift in Sources */,
				5E4F88D22AC4A65C00627354 /* Landmark.swift in Sources */,
				5E4F88D42AC4A84600627354 /* ModelData.swift in Sources */,
			);
			runOnlyForDeploymentPostprocessing = 0;
		};
/* End PBXSourcesBuildPhase section */

/* Begin XCBuildConfiguration section */
		5E5ACB0E2AC07B6F00DDA2D3 /* Debug */ = {
			isa = XCBuildConfiguration;
			buildSettings = {
				ALWAYS_SEARCH_USER_PATHS = NO;
				ASSETCATALOG_COMPILER_GENERATE_SWIFT_ASSET_SYMBOL_EXTENSIONS = YES;
				CLANG_ANALYZER_NONNULL = YES;
				CLANG_ANALYZER_NUMBER_OBJECT_CONVERSION = YES_AGGRESSIVE;
				CLANG_CXX_LANGUAGE_STANDARD = "gnu++20";
				CLANG_ENABLE_MODULES = YES;
				CLANG_ENABLE_OBJC_ARC = YES;
				CLANG_ENABLE_OBJC_WEAK = YES;
				CLANG_WARN_BLOCK_CAPTURE_AUTORELEASING = YES;
				CLANG_WARN_BOOL_CONVERSION = YES;
				CLANG_WARN_COMMA = YES;
				CLANG_WARN_CONSTANT_CONVERSION = YES;
				CLANG_WARN_DEPRECATED_OBJC_IMPLEMENTATIONS = YES;
				CLANG_WARN_DIRECT_OBJC_ISA_USAGE = YES_ERROR;
				CLANG_WARN_DOCUMENTATION_COMMENTS = YES;
				CLANG_WARN_EMPTY_BODY = YES;
				CLANG_WARN_ENUM_CONVERSION = YES;
				CLANG_WARN_INFINITE_RECURSION = YES;
				CLANG_WARN_INT_CONVERSION = YES;
				CLANG_WARN_NON_LITERAL_NULL_CONVERSION = YES;
				CLANG_WARN_OBJC_IMPLICIT_RETAIN_SELF = YES;
				CLANG_WARN_OBJC_LITERAL_CONVERSION = YES;
				CLANG_WARN_OBJC_ROOT_CLASS = YES_ERROR;
				CLANG_WARN_QUOTED_INCLUDE_IN_FRAMEWORK_HEADER = YES;
				CLANG_WARN_RANGE_LOOP_ANALYSIS = YES;
				CLANG_WARN_STRICT_PROTOTYPES = YES;
				CLANG_WARN_SUSPICIOUS_MOVE = YES;
				CLANG_WARN_UNGUARDED_AVAILABILITY = YES_AGGRESSIVE;
				CLANG_WARN_UNREACHABLE_CODE = YES;
				CLANG_WARN__DUPLICATE_METHOD_MATCH = YES;
				COPY_PHASE_STRIP = NO;
				DEBUG_INFORMATION_FORMAT = dwarf;
				ENABLE_STRICT_OBJC_MSGSEND = YES;
				ENABLE_TESTABILITY = YES;
				ENABLE_USER_SCRIPT_SANDBOXING = YES;
				GCC_C_LANGUAGE_STANDARD = gnu17;
				GCC_DYNAMIC_NO_PIC = NO;
				GCC_NO_COMMON_BLOCKS = YES;
				GCC_OPTIMIZATION_LEVEL = 0;
				GCC_PREPROCESSOR_DEFINITIONS = (
					"DEBUG=1",
					"$(inherited)",
				);
				GCC_WARN_64_TO_32_BIT_CONVERSION = YES;
				GCC_WARN_ABOUT_RETURN_TYPE = YES_ERROR;
				GCC_WARN_UNDECLARED_SELECTOR = YES;
				GCC_WARN_UNINITIALIZED_AUTOS = YES_AGGRESSIVE;
				GCC_WARN_UNUSED_FUNCTION = YES;
				GCC_WARN_UNUSED_VARIABLE = YES;
				IPHONEOS_DEPLOYMENT_TARGET = 17.0;
				LOCALIZATION_PREFERS_STRING_CATALOGS = YES;
				MTL_ENABLE_DEBUG_INFO = INCLUDE_SOURCE;
				MTL_FAST_MATH = YES;
				ONLY_ACTIVE_ARCH = YES;
				SDKROOT = iphoneos;
				SWIFT_ACTIVE_COMPILATION_CONDITIONS = "DEBUG $(inherited)";
				SWIFT_OPTIMIZATION_LEVEL = "-Onone";
			};
			name = Debug;
		};
		5E5ACB0F2AC07B6F00DDA2D3 /* Release */ = {
			isa = XCBuildConfiguration;
			buildSettings = {
				ALWAYS_SEARCH_USER_PATHS = NO;
				ASSETCATALOG_COMPILER_GENERATE_SWIFT_ASSET_SYMBOL_EXTENSIONS = YES;
				CLANG_ANALYZER_NONNULL = YES;
				CLANG_ANALYZER_NUMBER_OBJECT_CONVERSION = YES_AGGRESSIVE;
				CLANG_CXX_LANGUAGE_STANDARD = "gnu++20";
				CLANG_ENABLE_MODULES = YES;
				CLANG_ENABLE_OBJC_ARC = YES;
				CLANG_ENABLE_OBJC_WEAK = YES;
				CLANG_WARN_BLOCK_CAPTURE_AUTORELEASING = YES;
				CLANG_WARN_BOOL_CONVERSION = YES;
				CLANG_WARN_COMMA = YES;
				CLANG_WARN_CONSTANT_CONVERSION = YES;
				CLANG_WARN_DEPRECATED_OBJC_IMPLEMENTATIONS = YES;
				CLANG_WARN_DIRECT_OBJC_ISA_USAGE = YES_ERROR;
				CLANG_WARN_DOCUMENTATION_COMMENTS = YES;
				CLANG_WARN_EMPTY_BODY = YES;
				CLANG_WARN_ENUM_CONVERSION = YES;
				CLANG_WARN_INFINITE_RECURSION = YES;
				CLANG_WARN_INT_CONVERSION = YES;
				CLANG_WARN_NON_LITERAL_NULL_CONVERSION = YES;
				CLANG_WARN_OBJC_IMPLICIT_RETAIN_SELF = YES;
				CLANG_WARN_OBJC_LITERAL_CONVERSION = YES;
				CLANG_WARN_OBJC_ROOT_CLASS = YES_ERROR;
				CLANG_WARN_QUOTED_INCLUDE_IN_FRAMEWORK_HEADER = YES;
				CLANG_WARN_RANGE_LOOP_ANALYSIS = YES;
				CLANG_WARN_STRICT_PROTOTYPES = YES;
				CLANG_WARN_SUSPICIOUS_MOVE = YES;
				CLANG_WARN_UNGUARDED_AVAILABILITY = YES_AGGRESSIVE;
				CLANG_WARN_UNREACHABLE_CODE = YES;
				CLANG_WARN__DUPLICATE_METHOD_MATCH = YES;
				COPY_PHASE_STRIP = NO;
				DEBUG_INFORMATION_FORMAT = "dwarf-with-dsym";
				ENABLE_NS_ASSERTIONS = NO;
				ENABLE_STRICT_OBJC_MSGSEND = YES;
				ENABLE_USER_SCRIPT_SANDBOXING = YES;
				GCC_C_LANGUAGE_STANDARD = gnu17;
				GCC_NO_COMMON_BLOCKS = YES;
				GCC_WARN_64_TO_32_BIT_CONVERSION = YES;
				GCC_WARN_ABOUT_RETURN_TYPE = YES_ERROR;
				GCC_WARN_UNDECLARED_SELECTOR = YES;
				GCC_WARN_UNINITIALIZED_AUTOS = YES_AGGRESSIVE;
				GCC_WARN_UNUSED_FUNCTION = YES;
				GCC_WARN_UNUSED_VARIABLE = YES;
				IPHONEOS_DEPLOYMENT_TARGET = 17.0;
				LOCALIZATION_PREFERS_STRING_CATALOGS = YES;
				MTL_ENABLE_DEBUG_INFO = NO;
				MTL_FAST_MATH = YES;
				SDKROOT = iphoneos;
				SWIFT_COMPILATION_MODE = wholemodule;
				VALIDATE_PRODUCT = YES;
			};
			name = Release;
		};
		5E5ACB112AC07B6F00DDA2D3 /* Debug */ = {
			isa = XCBuildConfiguration;
			buildSettings = {
				ASSETCATALOG_COMPILER_APPICON_NAME = AppIcon;
				ASSETCATALOG_COMPILER_GLOBAL_ACCENT_COLOR_NAME = AccentColor;
				CODE_SIGN_STYLE = Automatic;
				CURRENT_PROJECT_VERSION = 1;
				DEVELOPMENT_ASSET_PATHS = "\"Landmarks/Preview Content\"";
				DEVELOPMENT_TEAM = 44Y84K5426;
				ENABLE_PREVIEWS = YES;
				GENERATE_INFOPLIST_FILE = YES;
				INFOPLIST_KEY_UIApplicationSceneManifest_Generation = YES;
				INFOPLIST_KEY_UIApplicationSupportsIndirectInputEvents = YES;
				INFOPLIST_KEY_UILaunchScreen_Generation = YES;
				INFOPLIST_KEY_UISupportedInterfaceOrientations_iPad = "UIInterfaceOrientationPortrait UIInterfaceOrientationPortraitUpsideDown UIInterfaceOrientationLandscapeLeft UIInterfaceOrientationLandscapeRight";
				INFOPLIST_KEY_UISupportedInterfaceOrientations_iPhone = "UIInterfaceOrientationPortrait UIInterfaceOrientationLandscapeLeft UIInterfaceOrientationLandscapeRight";
				IPHONEOS_DEPLOYMENT_TARGET = 15.0;
				LD_RUNPATH_SEARCH_PATHS = (
					"$(inherited)",
					"@executable_path/Frameworks",
				);
				MARKETING_VERSION = 1.0;
				PRODUCT_BUNDLE_IDENTIFIER = furkido.Landmarks;
				PRODUCT_NAME = "$(TARGET_NAME)";
				SWIFT_EMIT_LOC_STRINGS = YES;
				SWIFT_VERSION = 5.0;
				TARGETED_DEVICE_FAMILY = "1,2";
			};
			name = Debug;
		};
		5E5ACB122AC07B6F00DDA2D3 /* Release */ = {
			isa = XCBuildConfiguration;
			buildSettings = {
				ASSETCATALOG_COMPILER_APPICON_NAME = AppIcon;
				ASSETCATALOG_COMPILER_GLOBAL_ACCENT_COLOR_NAME = AccentColor;
				CODE_SIGN_STYLE = Automatic;
				CURRENT_PROJECT_VERSION = 1;
				DEVELOPMENT_ASSET_PATHS = "\"Landmarks/Preview Content\"";
				DEVELOPMENT_TEAM = 44Y84K5426;
				ENABLE_PREVIEWS = YES;
				GENERATE_INFOPLIST_FILE = YES;
				INFOPLIST_KEY_UIApplicationSceneManifest_Generation = YES;
				INFOPLIST_KEY_UIApplicationSupportsIndirectInputEvents = YES;
				INFOPLIST_KEY_UILaunchScreen_Generation = YES;
				INFOPLIST_KEY_UISupportedInterfaceOrientations_iPad = "UIInterfaceOrientationPortrait UIInterfaceOrientationPortraitUpsideDown UIInterfaceOrientationLandscapeLeft UIInterfaceOrientationLandscapeRight";
				INFOPLIST_KEY_UISupportedInterfaceOrientations_iPhone = "UIInterfaceOrientationPortrait UIInterfaceOrientationLandscapeLeft UIInterfaceOrientationLandscapeRight";
				IPHONEOS_DEPLOYMENT_TARGET = 15.0;
				LD_RUNPATH_SEARCH_PATHS = (
					"$(inherited)",
					"@executable_path/Frameworks",
				);
				MARKETING_VERSION = 1.0;
				PRODUCT_BUNDLE_IDENTIFIER = furkido.Landmarks;
				PRODUCT_NAME = "$(TARGET_NAME)";
				SWIFT_EMIT_LOC_STRINGS = YES;
				SWIFT_VERSION = 5.0;
				TARGETED_DEVICE_FAMILY = "1,2";
			};
			name = Release;
		};
/* End XCBuildConfiguration section */

/* Begin XCConfigurationList section */
		5E5ACAFD2AC07B6C00DDA2D3 /* Build configuration list for PBXProject "Landmarks" */ = {
			isa = XCConfigurationList;
			buildConfigurations = (
				5E5ACB0E2AC07B6F00DDA2D3 /* Debug */,
				5E5ACB0F2AC07B6F00DDA2D3 /* Release */,
			);
			defaultConfigurationIsVisible = 0;
			defaultConfigurationName = Release;
		};
		5E5ACB102AC07B6F00DDA2D3 /* Build configuration list for PBXNativeTarget "Landmarks" */ = {
			isa = XCConfigurationList;
			buildConfigurations = (
				5E5ACB112AC07B6F00DDA2D3 /* Debug */,
				5E5ACB122AC07B6F00DDA2D3 /* Release */,
			);
			defaultConfigurationIsVisible = 0;
			defaultConfigurationName = Release;
		};
/* End XCConfigurationList section */
	};
	rootObject = 5E5ACAFA2AC07B6C00DDA2D3 /* Project object */;
}
